
Microsoft Visual Studio Solution File, Format Version 12.00
# Visual Studio Version 17
VisualStudioVersion = 17.1.32407.343
MinimumVisualStudioVersion = 10.0.40219.1
Project("{FAE04EC0-301F-11D3-BF4B-00C04F79EFBC}") = "ExercicioAlfasoft", "ExercicioAlfasoft\ExercicioAlfasoft.csproj", "{405D7E81-E7AA-42BC-AB68-0F3831390F71}"
EndProject
Global
	GlobalSection(SolutionConfigurationPlatforms) = preSolution
		Debug|Any CPU = Debug|Any CPU
		Release|Any CPU = Release|Any CPU
	EndGlobalSection
	GlobalSection(ProjectConfigurationPlatforms) = postSolution
		{405D7E81-E7AA-42BC-AB68-0F3831390F71}.Debug|Any CPU.ActiveCfg = Debug|Any CPU
		{405D7E81-E7AA-42BC-AB68-0F3831390F71}.Debug|Any CPU.Build.0 = Debug|Any CPU
		{405D7E81-E7AA-42BC-AB68-0F3831390F71}.Release|Any CPU.ActiveCfg = Release|Any CPU
		{405D7E81-E7AA-42BC-AB68-0F3831390F71}.Release|Any CPU.Build.0 = Release|Any CPU
	EndGlobalSection
	GlobalSection(SolutionProperties) = preSolution
		HideSolutionNode = FALSE
	EndGlobalSection
	GlobalSection(ExtensibilityGlobals) = postSolution
		SolutionGuid = {C0D8BDE4-6CD9-4F85-879F-2002985BDCE6}
	EndGlobalSection
EndGlobal
